
Microsoft Visual Studio Solution File, Format Version 12.00
# Visual Studio Version 17
VisualStudioVersion = 17.1.32421.90
MinimumVisualStudioVersion = 10.0.40219.1
Project("{9A19103F-16F7-4668-BE54-9A1E7A4F7556}") = "Lines_Counter", "Lines_Counter.csproj", "{BD047413-5956-48CD-A8EE-F31361B8A83A}"
EndProject
Global
	GlobalSection(SolutionConfigurationPlatforms) = preSolution
		Debug|Any CPU = Debug|Any CPU
		Release|Any CPU = Release|Any CPU
	EndGlobalSection
	GlobalSection(ProjectConfigurationPlatforms) = postSolution
		{BD047413-5956-48CD-A8EE-F31361B8A83A}.Debug|Any CPU.ActiveCfg = Debug|Any CPU
		{BD047413-5956-48CD-A8EE-F31361B8A83A}.Debug|Any CPU.Build.0 = Debug|Any CPU
		{BD047413-5956-48CD-A8EE-F31361B8A83A}.Release|Any CPU.ActiveCfg = Release|Any CPU
		{BD047413-5956-48CD-A8EE-F31361B8A83A}.Release|Any CPU.Build.0 = Release|Any CPU
	EndGlobalSection
	GlobalSection(SolutionProperties) = preSolution
		HideSolutionNode = FALSE
	EndGlobalSection
	GlobalSection(ExtensibilityGlobals) = postSolution
		SolutionGuid = {C46DDCC7-962D-48E5-B0FE-8699C44E0E5C}
	EndGlobalSection
EndGlobal
